// !$*UTF8*$!
{
	archiveVersion = 1;
	classes = {
	};
	objectVersion = 46;
	objects = {

/* Begin PBXBuildFile section */
		90B397A51CBF85760083A136 /* main.m in Sources */ = {isa = PBXBuildFile; fileRef = 90B397A41CBF85760083A136 /* main.m */; };
		90B397A81CBF85760083A136 /* AppDelegate.m in Sources */ = {isa = PBXBuildFile; fileRef = 90B397A71CBF85760083A136 /* AppDelegate.m */; };
		90B397AB1CBF85760083A136 /* ViewController.m in Sources */ = {isa = PBXBuildFile; fileRef = 90B397AA1CBF85760083A136 /* ViewController.m */; };
		90B397AE1CBF85760083A136 /* Main.storyboard in Resources */ = {isa = PBXBuildFile; fileRef = 90B397AC1CBF85760083A136 /* Main.storyboard */; };
		90B397B01CBF85760083A136 /* Assets.xcassets in Resources */ = {isa = PBXBuildFile; fileRef = 90B397AF1CBF85760083A136 /* Assets.xcassets */; };
		90B397B31CBF85760083A136 /* LaunchScreen.storyboard in Resources */ = {isa = PBXBuildFile; fileRef = 90B397B11CBF85760083A136 /* LaunchScreen.storyboard */; };
		90B397BE1CBF85760083A136 /* HelloIOSTests.m in Sources */ = {isa = PBXBuildFile; fileRef = 90B397BD1CBF85760083A136 /* HelloIOSTests.m */; };
/* End PBXBuildFile section */

/* Begin PBXContainerItemProxy section */
		90B397BA1CBF85760083A136 /* PBXContainerItemProxy */ = {
			isa = PBXContainerItemProxy;
			containerPortal = 90B397981CBF85760083A136 /* Project object */;
			proxyType = 1;
			remoteGlobalIDString = 90B3979F1CBF85760083A136;
			remoteInfo = HelloIOS;
		};
/* End PBXContainerItemProxy section */

/* Begin PBXFileReference section */
		90B397A01CBF85760083A136 /* HelloIOS.app */ = {isa = PBXFileReference; explicitFileType = wrapper.application; includeInIndex = 0; path = HelloIOS.app; sourceTree = BUILT_PRODUCTS_DIR; };
		90B397A41CBF85760083A136 /* main.m */ = {isa = PBXFileReference; lastKnownFileType = sourcecode.c.objc; path = main.m; sourceTree = "<group>"; };
		90B397A61CBF85760083A136 /* AppDelegate.h */ = {isa = PBXFileReference; lastKnownFileType = sourcecode.c.h; path = AppDelegate.h; sourceTree = "<group>"; };
		90B397A71CBF85760083A136 /* AppDelegate.m */ = {isa = PBXFileReference; lastKnownFileType = sourcecode.c.objc; path = AppDelegate.m; sourceTree = "<group>"; };
		90B397A91CBF85760083A136 /* ViewController.h */ = {isa = PBXFileReference; lastKnownFileType = sourcecode.c.h; path = ViewController.h; sourceTree = "<group>"; };
		90B397AA1CBF85760083A136 /* ViewController.m */ = {isa = PBXFileReference; lastKnownFileType = sourcecode.c.objc; path = ViewController.m; sourceTree = "<group>"; };
		90B397AD1CBF85760083A136 /* Base */ = {isa = PBXFileReference; lastKnownFileType = file.storyboard; name = Base; path = Base.lproj/Main.storyboard; sourceTree = "<group>"; };
		90B397AF1CBF85760083A136 /* Assets.xcassets */ = {isa = PBXFileReference; lastKnownFileType = folder.assetcatalog; path = Assets.xcassets; sourceTree = "<group>"; };
		90B397B21CBF85760083A136 /* Base */ = {isa = PBXFileReference; lastKnownFileType = file.storyboard; name = Base; path = Base.lproj/LaunchScreen.storyboard; sourceTree = "<group>"; };
		90B397B41CBF85760083A136 /* Info.plist */ = {isa = PBXFileReference; lastKnownFileType = text.plist.xml; path = Info.plist; sourceTree = "<group>"; };
		90B397B91CBF85760083A136 /* HelloIOSTests.xctest */ = {isa = PBXFileReference; explicitFileType = wrapper.cfbundle; includeInIndex = 0; path = HelloIOSTests.xctest; sourceTree = BUILT_PRODUCTS_DIR; };
		90B397BD1CBF85760083A136 /* HelloIOSTests.m */ = {isa = PBXFileReference; lastKnownFileType = sourcecode.c.objc; path = HelloIOSTests.m; sourceTree = "<group>"; };
		90B397BF1CBF85760083A136 /* Info.plist */ = {isa = PBXFileReference; lastKnownFileType = text.plist.xml; path = Info.plist; sourceTree = "<group>"; };
/* End PBXFileReference section */

/* Begin PBXFrameworksBuildPhase section */
		90B3979D1CBF85760083A136 /* Frameworks */ = {
			isa = PBXFrameworksBuildPhase;
			buildActionMask = 2147483647;
			files = (
			);
			runOnlyForDeploymentPostprocessing = 0;
		};
		90B397B61CBF85760083A136 /* Frameworks */ = {
			isa = PBXFrameworksBuildPhase;
			buildActionMask = 2147483647;
			files = (
			);
			runOnlyForDeploymentPostprocessing = 0;
		};
/* End PBXFrameworksBuildPhase section */

/* Begin PBXGroup section */
		90B397971CBF85760083A136 = {
			isa = PBXGroup;
			children = (
				90B397A21CBF85760083A136 /* HelloIOS */,
				90B397BC1CBF85760083A136 /* HelloIOSTests */,
				90B397A11CBF85760083A136 /* Products */,
			);
			sourceTree = "<group>";
		};
		90B397A11CBF85760083A136 /* Products */ = {
			isa = PBXGroup;
			children = (
				90B397A01CBF85760083A136 /* HelloIOS.app */,
				90B397B91CBF85760083A136 /* HelloIOSTests.xctest */,
			);
			name = Products;
			sourceTree = "<group>";
		};
		90B397A21CBF85760083A136 /* HelloIOS */ = {
			isa = PBXGroup;
			children = (
				90B397A61CBF85760083A136 /* AppDelegate.h */,
				90B397A71CBF85760083A136 /* AppDelegate.m */,
				90B397A91CBF85760083A136 /* ViewController.h */,
				90B397AA1CBF85760083A136 /* ViewController.m */,
				90B397AC1CBF85760083A136 /* Main.storyboard */,
				90B397AF1CBF85760083A136 /* Assets.xcassets */,
				90B397B11CBF85760083A136 /* LaunchScreen.storyboard */,
				90B397B41CBF85760083A136 /* Info.plist */,
				90B397A31CBF85760083A136 /* Supporting Files */,
			);
			path = HelloIOS;
			sourceTree = "<group>";
		};
		90B397A31CBF85760083A136 /* Supporting Files */ = {
			isa = PBXGroup;
			children = (
				90B397A41CBF85760083A136 /* main.m */,
			);
			name = "Supporting Files";
			sourceTree = "<group>";
		};
		90B397BC1CBF85760083A136 /* HelloIOSTests */ = {
			isa = PBXGroup;
			children = (
				90B397BD1CBF85760083A136 /* HelloIOSTests.m */,
				90B397BF1CBF85760083A136 /* Info.plist */,
			);
			path = HelloIOSTests;
			sourceTree = "<group>";
		};
/* End PBXGroup section */

/* Begin PBXNativeTarget section */
		90B3979F1CBF85760083A136 /* HelloIOS */ = {
			isa = PBXNativeTarget;
			buildConfigurationList = 90B397C21CBF85760083A136 /* Build configuration list for PBXNativeTarget "HelloIOS" */;
			buildPhases = (
				90B3979C1CBF85760083A136 /* Sources */,
				90B3979D1CBF85760083A136 /* Frameworks */,
				90B3979E1CBF85760083A136 /* Resources */,
			);
			buildRules = (
			);
			dependencies = (
			);
			name = HelloIOS;
			productName = HelloIOS;
			productReference = 90B397A01CBF85760083A136 /* HelloIOS.app */;
			productType = "com.apple.product-type.application";
		};
		90B397B81CBF85760083A136 /* HelloIOSTests */ = {
			isa = PBXNativeTarget;
			buildConfigurationList = 90B397C51CBF85760083A136 /* Build configuration list for PBXNativeTarget "HelloIOSTests" */;
			buildPhases = (
				90B397B51CBF85760083A136 /* Sources */,
				90B397B61CBF85760083A136 /* Frameworks */,
				90B397B71CBF85760083A136 /* Resources */,
			);
			buildRules = (
			);
			dependencies = (
				90B397BB1CBF85760083A136 /* PBXTargetDependency */,
			);
			name = HelloIOSTests;
			productName = HelloIOSTests;
			productReference = 90B397B91CBF85760083A136 /* HelloIOSTests.xctest */;
			productType = "com.apple.product-type.bundle.unit-test";
		};
/* End PBXNativeTarget section */

/* Begin PBXProject section */
		90B397981CBF85760083A136 /* Project object */ = {
			isa = PBXProject;
			attributes = {
				LastUpgradeCheck = 0720;
				ORGANIZATIONNAME = HuddsinYuan;
				TargetAttributes = {
					90B3979F1CBF85760083A136 = {
						CreatedOnToolsVersion = 7.2.1;
						DevelopmentTeam = P2RJJZQ4RD;
					};
					90B397B81CBF85760083A136 = {
						CreatedOnToolsVersion = 7.2.1;
						DevelopmentTeam = P2RJJZQ4RD;
						TestTargetID = 90B3979F1CBF85760083A136;
					};
				};
			};
			buildConfigurationList = 90B3979B1CBF85760083A136 /* Build configuration list for PBXProject "HelloIOS" */;
			compatibilityVersion = "Xcode 3.2";
			developmentRegion = English;
			hasScannedForEncodings = 0;
			knownRegions = (
				en,
				Base,
			);
			mainGroup = 90B397971CBF85760083A136;
			productRefGroup = 90B397A11CBF85760083A136 /* Products */;
			projectDirPath = "";
			projectRoot = "";
			targets = (
				90B3979F1CBF85760083A136 /* HelloIOS */,
				90B397B81CBF85760083A136 /* HelloIOSTests */,
			);
		};
/* End PBXProject section */

/* Begin PBXResourcesBuildPhase section */
		90B3979E1CBF85760083A136 /* Resources */ = {
			isa = PBXResourcesBuildPhase;
			buildActionMask = 2147483647;
			files = (
				90B397B31CBF85760083A136 /* LaunchScreen.storyboard in Resources */,
				90B397B01CBF85760083A136 /* Assets.xcassets in Resources */,
				90B397AE1CBF85760083A136 /* Main.storyboard in Resources */,
			);
			runOnlyForDeploymentPostprocessing = 0;
		};
		90B397B71CBF85760083A136 /* Resources */ = {
			isa = PBXResourcesBuildPhase;
			buildActionMask = 2147483647;
			files = (
			);
			runOnlyForDeploymentPostprocessing = 0;
		};
/* End PBXResourcesBuildPhase section */

/* Begin PBXSourcesBuildPhase section */
		90B3979C1CBF85760083A136 /* Sources */ = {
			isa = PBXSourcesBuildPhase;
			buildActionMask = 2147483647;
			files = (
				90B397AB1CBF85760083A136 /* ViewController.m in Sources */,
				90B397A81CBF85760083A136 /* AppDelegate.m in Sources */,
				90B397A51CBF85760083A136 /* main.m in Sources */,
			);
			runOnlyForDeploymentPostprocessing = 0;
		};
		90B397B51CBF85760083A136 /* Sources */ = {
			isa = PBXSourcesBuildPhase;
			buildActionMask = 2147483647;
			files = (
				90B397BE1CBF85760083A136 /* HelloIOSTests.m in Sources */,
			);
			runOnlyForDeploymentPostprocessing = 0;
		};
/* End PBXSourcesBuildPhase section */

/* Begin PBXTargetDependency section */
		90B397BB1CBF85760083A136 /* PBXTargetDependency */ = {
			isa = PBXTargetDependency;
			target = 90B3979F1CBF85760083A136 /* HelloIOS */;
			targetProxy = 90B397BA1CBF85760083A136 /* PBXContainerItemProxy */;
		};
/* End PBXTargetDependency section */

/* Begin PBXVariantGroup section */
		90B397AC1CBF85760083A136 /* Main.storyboard */ = {
			isa = PBXVariantGroup;
			children = (
				90B397AD1CBF85760083A136 /* Base */,
			);
			name = Main.storyboard;
			sourceTree = "<group>";
		};
		90B397B11CBF85760083A136 /* LaunchScreen.storyboard */ = {
			isa = PBXVariantGroup;
			children = (
				90B397B21CBF85760083A136 /* Base */,
			);
			name = LaunchScreen.storyboard;
			sourceTree = "<group>";
		};
/* End PBXVariantGroup section */

/* Begin XCBuildConfiguration section */
		90B397C01CBF85760083A136 /* Debug */ = {
			isa = XCBuildConfiguration;
			buildSettings = {
				ALWAYS_SEARCH_USER_PATHS = NO;
				CLANG_CXX_LANGUAGE_STANDARD = "gnu++0x";
				CLANG_CXX_LIBRARY = "libc++";
				CLANG_ENABLE_MODULES = YES;
				CLANG_ENABLE_OBJC_ARC = YES;
				CLANG_WARN_BOOL_CONVERSION = YES;
				CLANG_WARN_CONSTANT_CONVERSION = YES;
				CLANG_WARN_DIRECT_OBJC_ISA_USAGE = YES_ERROR;
				CLANG_WARN_EMPTY_BODY = YES;
				CLANG_WARN_ENUM_CONVERSION = YES;
				CLANG_WARN_INT_CONVERSION = YES;
				CLANG_WARN_OBJC_ROOT_CLASS = YES_ERROR;
				CLANG_WARN_UNREACHABLE_CODE = YES;
				CLANG_WARN__DUPLICATE_METHOD_MATCH = YES;
				"CODE_SIGN_IDENTITY[sdk=iphoneos*]" = "iPhone Developer";
				COPY_PHASE_STRIP = NO;
				DEBUG_INFORMATION_FORMAT = dwarf;
				ENABLE_STRICT_OBJC_MSGSEND = YES;
				ENABLE_TESTABILITY = YES;
				GCC_C_LANGUAGE_STANDARD = gnu99;
				GCC_DYNAMIC_NO_PIC = NO;
				GCC_NO_COMMON_BLOCKS = YES;
				GCC_OPTIMIZATION_LEVEL = 0;
				GCC_PREPROCESSOR_DEFINITIONS = (
					"DEBUG=1",
					"$(inherited)",
				);
				GCC_WARN_64_TO_32_BIT_CONVERSION = YES;
				GCC_WARN_ABOUT_RETURN_TYPE = YES_ERROR;
				GCC_WARN_UNDECLARED_SELECTOR = YES;
				GCC_WARN_UNINITIALIZED_AUTOS = YES_AGGRESSIVE;
				GCC_WARN_UNUSED_FUNCTION = YES;
				GCC_WARN_UNUSED_VARIABLE = YES;
				IPHONEOS_DEPLOYMENT_TARGET = 9.2;
				MTL_ENABLE_DEBUG_INFO = YES;
				ONLY_ACTIVE_ARCH = YES;
				SDKROOT = iphoneos;
			};
			name = Debug;
		};
		90B397C11CBF85760083A136 /* Release */ = {
			isa = XCBuildConfiguration;
			buildSettings = {
				ALWAYS_SEARCH_USER_PATHS = NO;
				CLANG_CXX_LANGUAGE_STANDARD = "gnu++0x";
				CLANG_CXX_LIBRARY = "libc++";
				CLANG_ENABLE_MODULES = YES;
				CLANG_ENABLE_OBJC_ARC = YES;
				CLANG_WARN_BOOL_CONVERSION = YES;
				CLANG_WARN_CONSTANT_CONVERSION = YES;
				CLANG_WARN_DIRECT_OBJC_ISA_USAGE = YES_ERROR;
				CLANG_WARN_EMPTY_BODY = YES;
				CLANG_WARN_ENUM_CONVERSION = YES;
				CLANG_WARN_INT_CONVERSION = YES;
				CLANG_WARN_OBJC_ROOT_CLASS = YES_ERROR;
				CLANG_WARN_UNREACHABLE_CODE = YES;
				CLANG_WARN__DUPLICATE_METHOD_MATCH = YES;
				"CODE_SIGN_IDENTITY[sdk=iphoneos*]" = "iPhone Developer";
				COPY_PHASE_STRIP = NO;
				DEBUG_INFORMATION_FORMAT = "dwarf-with-dsym";
				ENABLE_NS_ASSERTIONS = NO;
				ENABLE_STRICT_OBJC_MSGSEND = YES;
				GCC_C_LANGUAGE_STANDARD = gnu99;
				GCC_NO_COMMON_BLOCKS = YES;
				GCC_WARN_64_TO_32_BIT_CONVERSION = YES;
				GCC_WARN_ABOUT_RETURN_TYPE = YES_ERROR;
				GCC_WARN_UNDECLARED_SELECTOR = YES;
				GCC_WARN_UNINITIALIZED_AUTOS = YES_AGGRESSIVE;
				GCC_WARN_UNUSED_FUNCTION = YES;
				GCC_WARN_UNUSED_VARIABLE = YES;
				IPHONEOS_DEPLOYMENT_TARGET = 9.2;
				MTL_ENABLE_DEBUG_INFO = NO;
				SDKROOT = iphoneos;
				VALIDATE_PRODUCT = YES;
			};
			name = Release;
		};
		90B397C31CBF85760083A136 /* Debug */ = {
			isa = XCBuildConfiguration;
			buildSettings = {
				ASSETCATALOG_COMPILER_APPICON_NAME = AppIcon;
				INFOPLIST_FILE = HelloIOS/Info.plist;
				LD_RUNPATH_SEARCH_PATHS = "$(inherited) @executable_path/Frameworks";
				PRODUCT_BUNDLE_IDENTIFIER = Future.HelloIOS;
				PRODUCT_NAME = "$(TARGET_NAME)";
			};
			name = Debug;
		};
		90B397C41CBF85760083A136 /* Release */ = {
			isa = XCBuildConfiguration;
			buildSettings = {
				ASSETCATALOG_COMPILER_APPICON_NAME = AppIcon;
				INFOPLIST_FILE = HelloIOS/Info.plist;
				LD_RUNPATH_SEARCH_PATHS = "$(inherited) @executable_path/Frameworks";
				PRODUCT_BUNDLE_IDENTIFIER = Future.HelloIOS;
				PRODUCT_NAME = "$(TARGET_NAME)";
			};
			name = Release;
		};
		90B397C61CBF85760083A136 /* Debug */ = {
			isa = XCBuildConfiguration;
			buildSettings = {
				BUNDLE_LOADER = "$(TEST_HOST)";
				INFOPLIST_FILE = HelloIOSTests/Info.plist;
				LD_RUNPATH_SEARCH_PATHS = "$(inherited) @executable_path/Frameworks @loader_path/Frameworks";
				PRODUCT_BUNDLE_IDENTIFIER = Future.HelloIOSTests;
				PRODUCT_NAME = "$(TARGET_NAME)";
				TEST_HOST = "$(BUILT_PRODUCTS_DIR)/HelloIOS.app/HelloIOS";
			};
			name = Debug;
		};
		90B397C71CBF85760083A136 /* Release */ = {
			isa = XCBuildConfiguration;
			buildSettings = {
				BUNDLE_LOADER = "$(TEST_HOST)";
				INFOPLIST_FILE = HelloIOSTests/Info.plist;
				LD_RUNPATH_SEARCH_PATHS = "$(inherited) @executable_path/Frameworks @loader_path/Frameworks";
				PRODUCT_BUNDLE_IDENTIFIER = Future.HelloIOSTests;
				PRODUCT_NAME = "$(TARGET_NAME)";
				TEST_HOST = "$(BUILT_PRODUCTS_DIR)/HelloIOS.app/HelloIOS";
			};
			name = Release;
		};
/* End XCBuildConfiguration section */

/* Begin XCConfigurationList section */
		90B3979B1CBF85760083A136 /* Build configuration list for PBXProject "HelloIOS" */ = {
			isa = XCConfigurationList;
			buildConfigurations = (
				90B397C01CBF85760083A136 /* Debug */,
				90B397C11CBF85760083A136 /* Release */,
			);
			defaultConfigurationIsVisible = 0;
			defaultConfigurationName = Release;
		};
		90B397C21CBF85760083A136 /* Build configuration list for PBXNativeTarget "HelloIOS" */ = {
			isa = XCConfigurationList;
			buildConfigurations = (
				90B397C31CBF85760083A136 /* Debug */,
				90B397C41CBF85760083A136 /* Release */,
			);
			defaultConfigurationIsVisible = 0;
		};
		90B397C51CBF85760083A136 /* Build configuration list for PBXNativeTarget "HelloIOSTests" */ = {
			isa = XCConfigurationList;
			buildConfigurations = (
				90B397C61CBF85760083A136 /* Debug */,
				90B397C71CBF85760083A136 /* Release */,
			);
			defaultConfigurationIsVisible = 0;
		};
/* End XCConfigurationList section */
	};
	rootObject = 90B397981CBF85760083A136 /* Project object */;
}
