// !$*UTF8*$!
{
	archiveVersion = 1;
	classes = {
	};
	objectVersion = 46;
	objects = {

/* Begin PBXBuildFile section */
		90692EB71E704F8C009B726F /* main.m in Sources */ = {isa = PBXBuildFile; fileRef = 90692EB61E704F8C009B726F /* main.m */; };
		90692EBA1E704F8C009B726F /* AppDelegate.m in Sources */ = {isa = PBXBuildFile; fileRef = 90692EB91E704F8C009B726F /* AppDelegate.m */; };
		90692EBD1E704F8C009B726F /* ViewController.m in Sources */ = {isa = PBXBuildFile; fileRef = 90692EBC1E704F8C009B726F /* ViewController.m */; };
		90692EC01E704F8C009B726F /* Main.storyboard in Resources */ = {isa = PBXBuildFile; fileRef = 90692EBE1E704F8C009B726F /* Main.storyboard */; };
		90692EC21E704F8D009B726F /* Assets.xcassets in Resources */ = {isa = PBXBuildFile; fileRef = 90692EC11E704F8D009B726F /* Assets.xcassets */; };
		90692EC51E704F8D009B726F /* LaunchScreen.storyboard in Resources */ = {isa = PBXBuildFile; fileRef = 90692EC31E704F8D009B726F /* LaunchScreen.storyboard */; };
		90692ED01E704F8D009B726F /* Chap01_HelloWorldUITests.m in Sources */ = {isa = PBXBuildFile; fileRef = 90692ECF1E704F8D009B726F /* Chap01_HelloWorldUITests.m */; };
		908FA4671E71A86F00F13633 /* lena.png in Resources */ = {isa = PBXBuildFile; fileRef = 908FA4661E71A86F00F13633 /* lena.png */; };
/* End PBXBuildFile section */

/* Begin PBXContainerItemProxy section */
		90692ECC1E704F8D009B726F /* PBXContainerItemProxy */ = {
			isa = PBXContainerItemProxy;
			containerPortal = 90692EAA1E704F8C009B726F /* Project object */;
			proxyType = 1;
			remoteGlobalIDString = 90692EB11E704F8C009B726F;
			remoteInfo = "Chap01-HelloWorld";
		};
/* End PBXContainerItemProxy section */

/* Begin PBXFileReference section */
		90692EB21E704F8C009B726F /* Chap01-HelloWorld.app */ = {isa = PBXFileReference; explicitFileType = wrapper.application; includeInIndex = 0; path = "Chap01-HelloWorld.app"; sourceTree = BUILT_PRODUCTS_DIR; };
		90692EB61E704F8C009B726F /* main.m */ = {isa = PBXFileReference; lastKnownFileType = sourcecode.c.objc; path = main.m; sourceTree = "<group>"; };
		90692EB81E704F8C009B726F /* AppDelegate.h */ = {isa = PBXFileReference; lastKnownFileType = sourcecode.c.h; path = AppDelegate.h; sourceTree = "<group>"; };
		90692EB91E704F8C009B726F /* AppDelegate.m */ = {isa = PBXFileReference; lastKnownFileType = sourcecode.c.objc; path = AppDelegate.m; sourceTree = "<group>"; };
		90692EBB1E704F8C009B726F /* ViewController.h */ = {isa = PBXFileReference; lastKnownFileType = sourcecode.c.h; path = ViewController.h; sourceTree = "<group>"; };
		90692EBC1E704F8C009B726F /* ViewController.m */ = {isa = PBXFileReference; lastKnownFileType = sourcecode.c.objc; path = ViewController.m; sourceTree = "<group>"; };
		90692EBF1E704F8C009B726F /* Base */ = {isa = PBXFileReference; lastKnownFileType = file.storyboard; name = Base; path = Base.lproj/Main.storyboard; sourceTree = "<group>"; };
		90692EC11E704F8D009B726F /* Assets.xcassets */ = {isa = PBXFileReference; lastKnownFileType = folder.assetcatalog; path = Assets.xcassets; sourceTree = "<group>"; };
		90692EC41E704F8D009B726F /* Base */ = {isa = PBXFileReference; lastKnownFileType = file.storyboard; name = Base; path = Base.lproj/LaunchScreen.storyboard; sourceTree = "<group>"; };
		90692EC61E704F8D009B726F /* Info.plist */ = {isa = PBXFileReference; lastKnownFileType = text.plist.xml; path = Info.plist; sourceTree = "<group>"; };
		90692ECB1E704F8D009B726F /* Chap01-HelloWorldUITests.xctest */ = {isa = PBXFileReference; explicitFileType = wrapper.cfbundle; includeInIndex = 0; path = "Chap01-HelloWorldUITests.xctest"; sourceTree = BUILT_PRODUCTS_DIR; };
		90692ECF1E704F8D009B726F /* Chap01_HelloWorldUITests.m */ = {isa = PBXFileReference; lastKnownFileType = sourcecode.c.objc; path = Chap01_HelloWorldUITests.m; sourceTree = "<group>"; };
		90692ED11E704F8D009B726F /* Info.plist */ = {isa = PBXFileReference; lastKnownFileType = text.plist.xml; path = Info.plist; sourceTree = "<group>"; };
		908FA4661E71A86F00F13633 /* lena.png */ = {isa = PBXFileReference; lastKnownFileType = image.png; name = lena.png; path = ../../../../Pictures/lena.png; sourceTree = "<group>"; };
/* End PBXFileReference section */

/* Begin PBXFrameworksBuildPhase section */
		90692EAF1E704F8C009B726F /* Frameworks */ = {
			isa = PBXFrameworksBuildPhase;
			buildActionMask = 2147483647;
			files = (
			);
			runOnlyForDeploymentPostprocessing = 0;
		};
		90692EC81E704F8D009B726F /* Frameworks */ = {
			isa = PBXFrameworksBuildPhase;
			buildActionMask = 2147483647;
			files = (
			);
			runOnlyForDeploymentPostprocessing = 0;
		};
/* End PBXFrameworksBuildPhase section */

/* Begin PBXGroup section */
		90692EA91E704F8C009B726F = {
			isa = PBXGroup;
			children = (
				90692EB41E704F8C009B726F /* Chap01-HelloWorld */,
				90692ECE1E704F8D009B726F /* Chap01-HelloWorldUITests */,
				90692EB31E704F8C009B726F /* Products */,
			);
			sourceTree = "<group>";
		};
		90692EB31E704F8C009B726F /* Products */ = {
			isa = PBXGroup;
			children = (
				90692EB21E704F8C009B726F /* Chap01-HelloWorld.app */,
				90692ECB1E704F8D009B726F /* Chap01-HelloWorldUITests.xctest */,
			);
			name = Products;
			sourceTree = "<group>";
		};
		90692EB41E704F8C009B726F /* Chap01-HelloWorld */ = {
			isa = PBXGroup;
			children = (
				908FA4661E71A86F00F13633 /* lena.png */,
				90692EB81E704F8C009B726F /* AppDelegate.h */,
				90692EB91E704F8C009B726F /* AppDelegate.m */,
				90692EBB1E704F8C009B726F /* ViewController.h */,
				90692EBC1E704F8C009B726F /* ViewController.m */,
				90692EBE1E704F8C009B726F /* Main.storyboard */,
				90692EC11E704F8D009B726F /* Assets.xcassets */,
				90692EC31E704F8D009B726F /* LaunchScreen.storyboard */,
				90692EC61E704F8D009B726F /* Info.plist */,
				90692EB51E704F8C009B726F /* Supporting Files */,
			);
			path = "Chap01-HelloWorld";
			sourceTree = "<group>";
		};
		90692EB51E704F8C009B726F /* Supporting Files */ = {
			isa = PBXGroup;
			children = (
				90692EB61E704F8C009B726F /* main.m */,
			);
			name = "Supporting Files";
			sourceTree = "<group>";
		};
		90692ECE1E704F8D009B726F /* Chap01-HelloWorldUITests */ = {
			isa = PBXGroup;
			children = (
				90692ECF1E704F8D009B726F /* Chap01_HelloWorldUITests.m */,
				90692ED11E704F8D009B726F /* Info.plist */,
			);
			path = "Chap01-HelloWorldUITests";
			sourceTree = "<group>";
		};
/* End PBXGroup section */

/* Begin PBXNativeTarget section */
		90692EB11E704F8C009B726F /* Chap01-HelloWorld */ = {
			isa = PBXNativeTarget;
			buildConfigurationList = 90692ED41E704F8D009B726F /* Build configuration list for PBXNativeTarget "Chap01-HelloWorld" */;
			buildPhases = (
				90692EAE1E704F8C009B726F /* Sources */,
				90692EAF1E704F8C009B726F /* Frameworks */,
				90692EB01E704F8C009B726F /* Resources */,
			);
			buildRules = (
			);
			dependencies = (
			);
			name = "Chap01-HelloWorld";
			productName = "Chap01-HelloWorld";
			productReference = 90692EB21E704F8C009B726F /* Chap01-HelloWorld.app */;
			productType = "com.apple.product-type.application";
		};
		90692ECA1E704F8D009B726F /* Chap01-HelloWorldUITests */ = {
			isa = PBXNativeTarget;
			buildConfigurationList = 90692ED71E704F8D009B726F /* Build configuration list for PBXNativeTarget "Chap01-HelloWorldUITests" */;
			buildPhases = (
				90692EC71E704F8D009B726F /* Sources */,
				90692EC81E704F8D009B726F /* Frameworks */,
				90692EC91E704F8D009B726F /* Resources */,
			);
			buildRules = (
			);
			dependencies = (
				90692ECD1E704F8D009B726F /* PBXTargetDependency */,
			);
			name = "Chap01-HelloWorldUITests";
			productName = "Chap01-HelloWorldUITests";
			productReference = 90692ECB1E704F8D009B726F /* Chap01-HelloWorldUITests.xctest */;
			productType = "com.apple.product-type.bundle.ui-testing";
		};
/* End PBXNativeTarget section */

/* Begin PBXProject section */
		90692EAA1E704F8C009B726F /* Project object */ = {
			isa = PBXProject;
			attributes = {
				LastUpgradeCheck = 0820;
				ORGANIZATIONNAME = "袁晨";
				TargetAttributes = {
					90692EB11E704F8C009B726F = {
						CreatedOnToolsVersion = 8.2.1;
						DevelopmentTeam = P2RJJZQ4RD;
						ProvisioningStyle = Automatic;
					};
					90692ECA1E704F8D009B726F = {
						CreatedOnToolsVersion = 8.2.1;
						DevelopmentTeam = P2RJJZQ4RD;
						ProvisioningStyle = Automatic;
						TestTargetID = 90692EB11E704F8C009B726F;
					};
				};
			};
			buildConfigurationList = 90692EAD1E704F8C009B726F /* Build configuration list for PBXProject "Chap01-HelloWorld" */;
			compatibilityVersion = "Xcode 3.2";
			developmentRegion = English;
			hasScannedForEncodings = 0;
			knownRegions = (
				en,
				Base,
			);
			mainGroup = 90692EA91E704F8C009B726F;
			productRefGroup = 90692EB31E704F8C009B726F /* Products */;
			projectDirPath = "";
			projectRoot = "";
			targets = (
				90692EB11E704F8C009B726F /* Chap01-HelloWorld */,
				90692ECA1E704F8D009B726F /* Chap01-HelloWorldUITests */,
			);
		};
/* End PBXProject section */

/* Begin PBXResourcesBuildPhase section */
		90692EB01E704F8C009B726F /* Resources */ = {
			isa = PBXResourcesBuildPhase;
			buildActionMask = 2147483647;
			files = (
				90692EC51E704F8D009B726F /* LaunchScreen.storyboard in Resources */,
				908FA4671E71A86F00F13633 /* lena.png in Resources */,
				90692EC21E704F8D009B726F /* Assets.xcassets in Resources */,
				90692EC01E704F8C009B726F /* Main.storyboard in Resources */,
			);
			runOnlyForDeploymentPostprocessing = 0;
		};
		90692EC91E704F8D009B726F /* Resources */ = {
			isa = PBXResourcesBuildPhase;
			buildActionMask = 2147483647;
			files = (
			);
			runOnlyForDeploymentPostprocessing = 0;
		};
/* End PBXResourcesBuildPhase section */

/* Begin PBXSourcesBuildPhase section */
		90692EAE1E704F8C009B726F /* Sources */ = {
			isa = PBXSourcesBuildPhase;
			buildActionMask = 2147483647;
			files = (
				90692EBD1E704F8C009B726F /* ViewController.m in Sources */,
				90692EBA1E704F8C009B726F /* AppDelegate.m in Sources */,
				90692EB71E704F8C009B726F /* main.m in Sources */,
			);
			runOnlyForDeploymentPostprocessing = 0;
		};
		90692EC71E704F8D009B726F /* Sources */ = {
			isa = PBXSourcesBuildPhase;
			buildActionMask = 2147483647;
			files = (
				90692ED01E704F8D009B726F /* Chap01_HelloWorldUITests.m in Sources */,
			);
			runOnlyForDeploymentPostprocessing = 0;
		};
/* End PBXSourcesBuildPhase section */

/* Begin PBXTargetDependency section */
		90692ECD1E704F8D009B726F /* PBXTargetDependency */ = {
			isa = PBXTargetDependency;
			target = 90692EB11E704F8C009B726F /* Chap01-HelloWorld */;
			targetProxy = 90692ECC1E704F8D009B726F /* PBXContainerItemProxy */;
		};
/* End PBXTargetDependency section */

/* Begin PBXVariantGroup section */
		90692EBE1E704F8C009B726F /* Main.storyboard */ = {
			isa = PBXVariantGroup;
			children = (
				90692EBF1E704F8C009B726F /* Base */,
			);
			name = Main.storyboard;
			sourceTree = "<group>";
		};
		90692EC31E704F8D009B726F /* LaunchScreen.storyboard */ = {
			isa = PBXVariantGroup;
			children = (
				90692EC41E704F8D009B726F /* Base */,
			);
			name = LaunchScreen.storyboard;
			sourceTree = "<group>";
		};
/* End PBXVariantGroup section */

/* Begin XCBuildConfiguration section */
		90692ED21E704F8D009B726F /* Debug */ = {
			isa = XCBuildConfiguration;
			buildSettings = {
				ALWAYS_SEARCH_USER_PATHS = NO;
				CLANG_ANALYZER_NONNULL = YES;
				CLANG_CXX_LANGUAGE_STANDARD = "gnu++0x";
				CLANG_CXX_LIBRARY = "libc++";
				CLANG_ENABLE_MODULES = YES;
				CLANG_ENABLE_OBJC_ARC = YES;
				CLANG_WARN_BOOL_CONVERSION = YES;
				CLANG_WARN_CONSTANT_CONVERSION = YES;
				CLANG_WARN_DIRECT_OBJC_ISA_USAGE = YES_ERROR;
				CLANG_WARN_DOCUMENTATION_COMMENTS = YES;
				CLANG_WARN_EMPTY_BODY = YES;
				CLANG_WARN_ENUM_CONVERSION = YES;
				CLANG_WARN_INFINITE_RECURSION = YES;
				CLANG_WARN_INT_CONVERSION = YES;
				CLANG_WARN_OBJC_ROOT_CLASS = YES_ERROR;
				CLANG_WARN_SUSPICIOUS_MOVE = YES;
				CLANG_WARN_UNREACHABLE_CODE = YES;
				CLANG_WARN__DUPLICATE_METHOD_MATCH = YES;
				"CODE_SIGN_IDENTITY[sdk=iphoneos*]" = "iPhone Developer";
				COPY_PHASE_STRIP = NO;
				DEBUG_INFORMATION_FORMAT = dwarf;
				ENABLE_STRICT_OBJC_MSGSEND = YES;
				ENABLE_TESTABILITY = YES;
				GCC_C_LANGUAGE_STANDARD = gnu99;
				GCC_DYNAMIC_NO_PIC = NO;
				GCC_NO_COMMON_BLOCKS = YES;
				GCC_OPTIMIZATION_LEVEL = 0;
				GCC_PREPROCESSOR_DEFINITIONS = (
					"DEBUG=1",
					"$(inherited)",
				);
				GCC_WARN_64_TO_32_BIT_CONVERSION = YES;
				GCC_WARN_ABOUT_RETURN_TYPE = YES_ERROR;
				GCC_WARN_UNDECLARED_SELECTOR = YES;
				GCC_WARN_UNINITIALIZED_AUTOS = YES_AGGRESSIVE;
				GCC_WARN_UNUSED_FUNCTION = YES;
				GCC_WARN_UNUSED_VARIABLE = YES;
				IPHONEOS_DEPLOYMENT_TARGET = 10.2;
				MTL_ENABLE_DEBUG_INFO = YES;
				ONLY_ACTIVE_ARCH = YES;
				SDKROOT = iphoneos;
			};
			name = Debug;
		};
		90692ED31E704F8D009B726F /* Release */ = {
			isa = XCBuildConfiguration;
			buildSettings = {
				ALWAYS_SEARCH_USER_PATHS = NO;
				CLANG_ANALYZER_NONNULL = YES;
				CLANG_CXX_LANGUAGE_STANDARD = "gnu++0x";
				CLANG_CXX_LIBRARY = "libc++";
				CLANG_ENABLE_MODULES = YES;
				CLANG_ENABLE_OBJC_ARC = YES;
				CLANG_WARN_BOOL_CONVERSION = YES;
				CLANG_WARN_CONSTANT_CONVERSION = YES;
				CLANG_WARN_DIRECT_OBJC_ISA_USAGE = YES_ERROR;
				CLANG_WARN_DOCUMENTATION_COMMENTS = YES;
				CLANG_WARN_EMPTY_BODY = YES;
				CLANG_WARN_ENUM_CONVERSION = YES;
				CLANG_WARN_INFINITE_RECURSION = YES;
				CLANG_WARN_INT_CONVERSION = YES;
				CLANG_WARN_OBJC_ROOT_CLASS = YES_ERROR;
				CLANG_WARN_SUSPICIOUS_MOVE = YES;
				CLANG_WARN_UNREACHABLE_CODE = YES;
				CLANG_WARN__DUPLICATE_METHOD_MATCH = YES;
				"CODE_SIGN_IDENTITY[sdk=iphoneos*]" = "iPhone Developer";
				COPY_PHASE_STRIP = NO;
				DEBUG_INFORMATION_FORMAT = "dwarf-with-dsym";
				ENABLE_NS_ASSERTIONS = NO;
				ENABLE_STRICT_OBJC_MSGSEND = YES;
				GCC_C_LANGUAGE_STANDARD = gnu99;
				GCC_NO_COMMON_BLOCKS = YES;
				GCC_WARN_64_TO_32_BIT_CONVERSION = YES;
				GCC_WARN_ABOUT_RETURN_TYPE = YES_ERROR;
				GCC_WARN_UNDECLARED_SELECTOR = YES;
				GCC_WARN_UNINITIALIZED_AUTOS = YES_AGGRESSIVE;
				GCC_WARN_UNUSED_FUNCTION = YES;
				GCC_WARN_UNUSED_VARIABLE = YES;
				IPHONEOS_DEPLOYMENT_TARGET = 10.2;
				MTL_ENABLE_DEBUG_INFO = NO;
				SDKROOT = iphoneos;
				VALIDATE_PRODUCT = YES;
			};
			name = Release;
		};
		90692ED51E704F8D009B726F /* Debug */ = {
			isa = XCBuildConfiguration;
			buildSettings = {
				ASSETCATALOG_COMPILER_APPICON_NAME = AppIcon;
				DEVELOPMENT_TEAM = P2RJJZQ4RD;
				INFOPLIST_FILE = "Chap01-HelloWorld/Info.plist";
				LD_RUNPATH_SEARCH_PATHS = "$(inherited) @executable_path/Frameworks";
				PRODUCT_BUNDLE_IDENTIFIER = "future.Chap01-HelloWorld";
				PRODUCT_NAME = "$(TARGET_NAME)";
			};
			name = Debug;
		};
		90692ED61E704F8D009B726F /* Release */ = {
			isa = XCBuildConfiguration;
			buildSettings = {
				ASSETCATALOG_COMPILER_APPICON_NAME = AppIcon;
				DEVELOPMENT_TEAM = P2RJJZQ4RD;
				INFOPLIST_FILE = "Chap01-HelloWorld/Info.plist";
				LD_RUNPATH_SEARCH_PATHS = "$(inherited) @executable_path/Frameworks";
				PRODUCT_BUNDLE_IDENTIFIER = "future.Chap01-HelloWorld";
				PRODUCT_NAME = "$(TARGET_NAME)";
			};
			name = Release;
		};
		90692ED81E704F8D009B726F /* Debug */ = {
			isa = XCBuildConfiguration;
			buildSettings = {
				DEVELOPMENT_TEAM = P2RJJZQ4RD;
				INFOPLIST_FILE = "Chap01-HelloWorldUITests/Info.plist";
				LD_RUNPATH_SEARCH_PATHS = "$(inherited) @executable_path/Frameworks @loader_path/Frameworks";
				PRODUCT_BUNDLE_IDENTIFIER = "OpenCV.Chap01-HelloWorldUITests";
				PRODUCT_NAME = "$(TARGET_NAME)";
				TEST_TARGET_NAME = "Chap01-HelloWorld";
			};
			name = Debug;
		};
		90692ED91E704F8D009B726F /* Release */ = {
			isa = XCBuildConfiguration;
			buildSettings = {
				DEVELOPMENT_TEAM = P2RJJZQ4RD;
				INFOPLIST_FILE = "Chap01-HelloWorldUITests/Info.plist";
				LD_RUNPATH_SEARCH_PATHS = "$(inherited) @executable_path/Frameworks @loader_path/Frameworks";
				PRODUCT_BUNDLE_IDENTIFIER = "OpenCV.Chap01-HelloWorldUITests";
				PRODUCT_NAME = "$(TARGET_NAME)";
				TEST_TARGET_NAME = "Chap01-HelloWorld";
			};
			name = Release;
		};
/* End XCBuildConfiguration section */

/* Begin XCConfigurationList section */
		90692EAD1E704F8C009B726F /* Build configuration list for PBXProject "Chap01-HelloWorld" */ = {
			isa = XCConfigurationList;
			buildConfigurations = (
				90692ED21E704F8D009B726F /* Debug */,
				90692ED31E704F8D009B726F /* Release */,
			);
			defaultConfigurationIsVisible = 0;
			defaultConfigurationName = Release;
		};
		90692ED41E704F8D009B726F /* Build configuration list for PBXNativeTarget "Chap01-HelloWorld" */ = {
			isa = XCConfigurationList;
			buildConfigurations = (
				90692ED51E704F8D009B726F /* Debug */,
				90692ED61E704F8D009B726F /* Release */,
			);
			defaultConfigurationIsVisible = 0;
			defaultConfigurationName = Release;
		};
		90692ED71E704F8D009B726F /* Build configuration list for PBXNativeTarget "Chap01-HelloWorldUITests" */ = {
			isa = XCConfigurationList;
			buildConfigurations = (
				90692ED81E704F8D009B726F /* Debug */,
				90692ED91E704F8D009B726F /* Release */,
			);
			defaultConfigurationIsVisible = 0;
			defaultConfigurationName = Release;
		};
/* End XCConfigurationList section */
	};
	rootObject = 90692EAA1E704F8C009B726F /* Project object */;
}
